
Microsoft Visual Studio Solution File, Format Version 12.00
# Visual Studio Version 17
VisualStudioVersion = 17.3.32922.545
MinimumVisualStudioVersion = 10.0.40219.1
Project("{FAE04EC0-301F-11D3-BF4B-00C04F79EFBC}") = "Polymorphism", "Polymorphism\Polymorphism.csproj", "{CC988EF8-3290-46CD-86D8-ABF3E6AA2CFF}"
EndProject
Global
	GlobalSection(SolutionConfigurationPlatforms) = preSolution
		Debug|Any CPU = Debug|Any CPU
		Release|Any CPU = Release|Any CPU
	EndGlobalSection
	GlobalSection(ProjectConfigurationPlatforms) = postSolution
		{CC988EF8-3290-46CD-86D8-ABF3E6AA2CFF}.Debug|Any CPU.ActiveCfg = Debug|Any CPU
		{CC988EF8-3290-46CD-86D8-ABF3E6AA2CFF}.Debug|Any CPU.Build.0 = Debug|Any CPU
		{CC988EF8-3290-46CD-86D8-ABF3E6AA2CFF}.Release|Any CPU.ActiveCfg = Release|Any CPU
		{CC988EF8-3290-46CD-86D8-ABF3E6AA2CFF}.Release|Any CPU.Build.0 = Release|Any CPU
	EndGlobalSection
	GlobalSection(SolutionProperties) = preSolution
		HideSolutionNode = FALSE
	EndGlobalSection
	GlobalSection(ExtensibilityGlobals) = postSolution
		SolutionGuid = {9E005E77-4564-4560-870C-0E5F5F5FC7AD}
	EndGlobalSection
EndGlobal
